{
  "version": "5",
  "specifiers": {
    "jsr:@std/assert@1": "1.0.19",
    "jsr:@std/internal@^1.0.12": "1.0.14"
  },
  "jsr": {
    "@std/assert@1.0.19": {
      "integrity": "eaada96ee120cb980bc47e040f82814d786fe8162ecc53c91d8df60b8755991e",
      "dependencies": [
        "jsr:@std/internal"
      ]
    },
    "@std/internal@1.0.14": {
      "integrity": "291516b3d4c35024d6ffbc0a9df5bf4c64116e05b50012cf846710152d2ffdf7"
    }
  },
  "workspace": {
    "packageJson": {
      "dependencies": [
        "npm:@eslint/eslintrc@^3.2.0",
        "npm:@radix-ui/react-alert-dialog@^1.1.17",
        "npm:@radix-ui/react-avatar@^1.2.0",
        "npm:@radix-ui/react-dialog@^1.1.17",
        "npm:@radix-ui/react-dropdown-menu@^2.1.18",
        "npm:@radix-ui/react-label@^2.1.10",
        "npm:@radix-ui/react-scroll-area@^1.2.12",
        "npm:@radix-ui/react-select@^2.3.1",
        "npm:@radix-ui/react-separator@^1.1.10",
        "npm:@radix-ui/react-slot@^1.3.0",
        "npm:@radix-ui/react-switch@^1.3.1",
        "npm:@radix-ui/react-tabs@^1.1.15",
        "npm:@radix-ui/react-tooltip@^1.2.10",
        "npm:@supabase/ssr@0.12",
        "npm:@supabase/supabase-js@^2.108.2",
        "npm:@types/node@^22.10.7",
        "npm:@types/react-dom@^19.0.3",
        "npm:@types/react@^19.0.7",
        "npm:autoprefixer@^10.4.20",
        "npm:class-variance-authority@~0.7.1",
        "npm:clsx@^2.1.1",
        "npm:eslint-config-next@^15.1.6",
        "npm:eslint@^9.18.0",
        "npm:lucide-react@0.474",
        "npm:next-themes@~0.4.4",
        "npm:next@^15.1.6",
        "npm:postcss@^8.5.1",
        "npm:react-dom@19",
        "npm:react@19",
        "npm:sonner@^2.0.7",
        "npm:supabase@^2.108.0",
        "npm:tailwind-merge@^2.6.0",
        "npm:tailwindcss-animate@^1.0.7",
        "npm:tailwindcss@^3.4.17",
        "npm:typescript@^5.7.3"
      ]
    }
  }
}
